{
    "version": 3,
    "terraform_version": "0.11.7",
    "serial": 2,
    "lineage": "17658a80-60db-fed8-e8a5-8ac4ce2c9e71",
    "modules": [
        {
            "path": [
                "root"
            ],
            "outputs": {
                "elb_dns_name": {
                    "sensitive": false,
                    "type": "string",
                    "value": "terraform-asg-example-1343921751.eu-central-1.elb.amazonaws.com"
                },
                "public_ip": {
                    "sensitive": false,
                    "type": "string",
                    "value": "52.59.228.48"
                }
            },
            "resources": {
                "aws_autoscaling_group.terra-sample-instance": {
                    "type": "aws_autoscaling_group",
                    "depends_on": [
                        "aws_elb.terra-sample-instance",
                        "aws_launch_configuration.terra-sample",
                        "data.aws_availability_zones.all"
                    ],
                    "primary": {
                        "id": "tf-asg-20180625084713973100000002",
                        "attributes": {
                            "arn": "arn:aws:autoscaling:eu-central-1:651816749705:autoScalingGroup:ccd9c29d-029b-44c0-aa42-8ae1a54d730f:autoScalingGroupName/tf-asg-20180625084713973100000002",
                            "availability_zones.#": "3",
                            "availability_zones.1126047633": "eu-central-1a",
                            "availability_zones.2903539389": "eu-central-1c",
                            "availability_zones.3658960427": "eu-central-1b",
                            "default_cooldown": "300",
                            "desired_capacity": "2",
                            "enabled_metrics.#": "0",
                            "force_delete": "false",
                            "health_check_grace_period": "300",
                            "health_check_type": "ELB",
                            "id": "tf-asg-20180625084713973100000002",
                            "launch_configuration": "terraform-20180625084709171300000001",
                            "launch_template.#": "0",
                            "load_balancers.#": "1",
                            "load_balancers.3603464733": "terraform-asg-example",
                            "max_size": "4",
                            "metrics_granularity": "1Minute",
                            "min_size": "2",
                            "name": "tf-asg-20180625084713973100000002",
                            "placement_group": "",
                            "protect_from_scale_in": "false",
                            "service_linked_role_arn": "arn:aws:iam::651816749705:role/aws-service-role/autoscaling.amazonaws.com/AWSServiceRoleForAutoScaling",
                            "suspended_processes.#": "0",
                            "tag.#": "1",
                            "tag.1921447302.key": "Name",
                            "tag.1921447302.propagate_at_launch": "true",
                            "tag.1921447302.value": "terra-asg-sample",
                            "target_group_arns.#": "0",
                            "termination_policies.#": "0",
                            "vpc_zone_identifier.#": "0",
                            "wait_for_capacity_timeout": "10m"
                        },
                        "meta": {
                            "e2bfb730-ecaa-11e6-8f88-34363bc7c4c0": {
                                "delete": 600000000000
                            }
                        },
                        "tainted": false
                    },
                    "deposed": [],
                    "provider": "provider.aws"
                },
                "aws_elb.terra-sample-instance": {
                    "type": "aws_elb",
                    "depends_on": [
                        "aws_security_group.elb",
                        "data.aws_availability_zones.all"
                    ],
                    "primary": {
                        "id": "terraform-asg-example",
                        "attributes": {
                            "access_logs.#": "0",
                            "arn": "arn:aws:elasticloadbalancing:eu-central-1:651816749705:loadbalancer/terraform-asg-example",
                            "availability_zones.#": "3",
                            "availability_zones.1126047633": "eu-central-1a",
                            "availability_zones.2903539389": "eu-central-1c",
                            "availability_zones.3658960427": "eu-central-1b",
                            "connection_draining": "false",
                            "connection_draining_timeout": "300",
                            "cross_zone_load_balancing": "true",
                            "dns_name": "terraform-asg-example-1343921751.eu-central-1.elb.amazonaws.com",
                            "health_check.#": "1",
                            "health_check.0.healthy_threshold": "2",
                            "health_check.0.interval": "30",
                            "health_check.0.target": "HTTP:8080/",
                            "health_check.0.timeout": "3",
                            "health_check.0.unhealthy_threshold": "2",
                            "id": "terraform-asg-example",
                            "idle_timeout": "60",
                            "instances.#": "0",
                            "internal": "false",
                            "listener.#": "1",
                            "listener.3931999347.instance_port": "8080",
                            "listener.3931999347.instance_protocol": "http",
                            "listener.3931999347.lb_port": "80",
                            "listener.3931999347.lb_protocol": "http",
                            "listener.3931999347.ssl_certificate_id": "",
                            "name": "terraform-asg-example",
                            "security_groups.#": "1",
                            "security_groups.3037249720": "sg-e25b9e8e",
                            "source_security_group": "651816749705/terraform-elb-example",
                            "source_security_group_id": "sg-e25b9e8e",
                            "subnets.#": "3",
                            "subnets.1922783624": "subnet-7657030c",
                            "subnets.3818792309": "subnet-f7baabbd",
                            "subnets.966316286": "subnet-a61812ce",
                            "tags.%": "0",
                            "zone_id": "Z215JYRZR1TBD5"
                        },
                        "meta": {},
                        "tainted": false
                    },
                    "deposed": [],
                    "provider": "provider.aws"
                },
                "aws_instance.terra-sample": {
                    "type": "aws_instance",
                    "depends_on": [
                        "aws_security_group.aws_instance"
                    ],
                    "primary": {
                        "id": "i-05dc3a1d4c65eed70",
                        "attributes": {
                            "ami": "ami-f3143e18",
                            "associate_public_ip_address": "true",
                            "availability_zone": "eu-central-1b",
                            "credit_specification.#": "1",
                            "credit_specification.0.cpu_credits": "standard",
                            "disable_api_termination": "false",
                            "ebs_block_device.#": "0",
                            "ebs_optimized": "false",
                            "ephemeral_block_device.#": "0",
                            "get_password_data": "false",
                            "iam_instance_profile": "",
                            "id": "i-05dc3a1d4c65eed70",
                            "instance_state": "running",
                            "instance_type": "t2.micro",
                            "ipv6_addresses.#": "0",
                            "key_name": "terraform",
                            "monitoring": "false",
                            "network_interface.#": "0",
                            "network_interface_id": "eni-44cf3969",
                            "password_data": "",
                            "placement_group": "",
                            "primary_network_interface_id": "eni-44cf3969",
                            "private_dns": "ip-172-31-34-30.eu-central-1.compute.internal",
                            "private_ip": "172.31.34.30",
                            "public_dns": "ec2-52-59-228-48.eu-central-1.compute.amazonaws.com",
                            "public_ip": "52.59.228.48",
                            "root_block_device.#": "1",
                            "root_block_device.0.delete_on_termination": "true",
                            "root_block_device.0.iops": "100",
                            "root_block_device.0.volume_id": "vol-0bfed5e9ef534daa0",
                            "root_block_device.0.volume_size": "8",
                            "root_block_device.0.volume_type": "gp2",
                            "security_groups.#": "1",
                            "security_groups.2735855473": "terra-sample",
                            "source_dest_check": "true",
                            "subnet_id": "subnet-7657030c",
                            "tags.%": "0",
                            "tenancy": "default",
                            "volume_tags.%": "0",
                            "vpc_security_group_ids.#": "1",
                            "vpc_security_group_ids.933456969": "sg-7d65a011"
                        },
                        "meta": {
                            "e2bfb730-ecaa-11e6-8f88-34363bc7c4c0": {
                                "create": 600000000000,
                                "delete": 1200000000000,
                                "update": 600000000000
                            },
                            "schema_version": "1"
                        },
                        "tainted": false
                    },
                    "deposed": [],
                    "provider": "provider.aws"
                },
                "aws_launch_configuration.terra-sample": {
                    "type": "aws_launch_configuration",
                    "depends_on": [
                        "aws_security_group.aws_instance"
                    ],
                    "primary": {
                        "id": "terraform-20180625084709171300000001",
                        "attributes": {
                            "associate_public_ip_address": "false",
                            "ebs_block_device.#": "0",
                            "ebs_optimized": "false",
                            "enable_monitoring": "true",
                            "ephemeral_block_device.#": "0",
                            "iam_instance_profile": "",
                            "id": "terraform-20180625084709171300000001",
                            "image_id": "ami-f3143e18",
                            "instance_type": "t2.micro",
                            "key_name": "terraform",
                            "name": "terraform-20180625084709171300000001",
                            "root_block_device.#": "0",
                            "security_groups.#": "1",
                            "security_groups.933456969": "sg-7d65a011",
                            "spot_price": "",
                            "vpc_classic_link_id": "",
                            "vpc_classic_link_security_groups.#": "0"
                        },
                        "meta": {},
                        "tainted": false
                    },
                    "deposed": [],
                    "provider": "provider.aws"
                },
                "aws_security_group.aws_instance": {
                    "type": "aws_security_group",
                    "depends_on": [],
                    "primary": {
                        "id": "sg-7d65a011",
                        "attributes": {
                            "arn": "arn:aws:ec2:eu-central-1:651816749705:security-group/sg-7d65a011",
                            "description": "Managed by Terraform",
                            "egress.#": "1",
                            "egress.482069346.cidr_blocks.#": "1",
                            "egress.482069346.cidr_blocks.0": "0.0.0.0/0",
                            "egress.482069346.description": "",
                            "egress.482069346.from_port": "0",
                            "egress.482069346.ipv6_cidr_blocks.#": "0",
                            "egress.482069346.prefix_list_ids.#": "0",
                            "egress.482069346.protocol": "-1",
                            "egress.482069346.security_groups.#": "0",
                            "egress.482069346.self": "false",
                            "egress.482069346.to_port": "0",
                            "id": "sg-7d65a011",
                            "ingress.#": "1",
                            "ingress.482069346.cidr_blocks.#": "1",
                            "ingress.482069346.cidr_blocks.0": "0.0.0.0/0",
                            "ingress.482069346.description": "",
                            "ingress.482069346.from_port": "0",
                            "ingress.482069346.ipv6_cidr_blocks.#": "0",
                            "ingress.482069346.protocol": "-1",
                            "ingress.482069346.security_groups.#": "0",
                            "ingress.482069346.self": "false",
                            "ingress.482069346.to_port": "0",
                            "name": "terra-sample",
                            "owner_id": "651816749705",
                            "revoke_rules_on_delete": "false",
                            "tags.%": "0",
                            "vpc_id": "vpc-409bd828"
                        },
                        "meta": {
                            "e2bfb730-ecaa-11e6-8f88-34363bc7c4c0": {
                                "create": 600000000000,
                                "delete": 600000000000
                            },
                            "schema_version": "1"
                        },
                        "tainted": false
                    },
                    "deposed": [],
                    "provider": "provider.aws"
                },
                "aws_security_group.elb": {
                    "type": "aws_security_group",
                    "depends_on": [],
                    "primary": {
                        "id": "sg-e25b9e8e",
                        "attributes": {
                            "arn": "arn:aws:ec2:eu-central-1:651816749705:security-group/sg-e25b9e8e",
                            "description": "Managed by Terraform",
                            "egress.#": "1",
                            "egress.482069346.cidr_blocks.#": "1",
                            "egress.482069346.cidr_blocks.0": "0.0.0.0/0",
                            "egress.482069346.description": "",
                            "egress.482069346.from_port": "0",
                            "egress.482069346.ipv6_cidr_blocks.#": "0",
                            "egress.482069346.prefix_list_ids.#": "0",
                            "egress.482069346.protocol": "-1",
                            "egress.482069346.security_groups.#": "0",
                            "egress.482069346.self": "false",
                            "egress.482069346.to_port": "0",
                            "id": "sg-e25b9e8e",
                            "ingress.#": "1",
                            "ingress.2214680975.cidr_blocks.#": "1",
                            "ingress.2214680975.cidr_blocks.0": "0.0.0.0/0",
                            "ingress.2214680975.description": "",
                            "ingress.2214680975.from_port": "80",
                            "ingress.2214680975.ipv6_cidr_blocks.#": "0",
                            "ingress.2214680975.protocol": "tcp",
                            "ingress.2214680975.security_groups.#": "0",
                            "ingress.2214680975.self": "false",
                            "ingress.2214680975.to_port": "80",
                            "name": "terraform-elb-example",
                            "owner_id": "651816749705",
                            "revoke_rules_on_delete": "false",
                            "tags.%": "0",
                            "vpc_id": "vpc-409bd828"
                        },
                        "meta": {
                            "e2bfb730-ecaa-11e6-8f88-34363bc7c4c0": {
                                "create": 600000000000,
                                "delete": 600000000000
                            },
                            "schema_version": "1"
                        },
                        "tainted": false
                    },
                    "deposed": [],
                    "provider": "provider.aws"
                },
                "data.aws_availability_zones.all": {
                    "type": "aws_availability_zones",
                    "depends_on": [],
                    "primary": {
                        "id": "2018-06-25 08:46:41.9628112 +0000 UTC",
                        "attributes": {
                            "id": "2018-06-25 08:46:41.9628112 +0000 UTC",
                            "names.#": "3",
                            "names.0": "eu-central-1a",
                            "names.1": "eu-central-1b",
                            "names.2": "eu-central-1c"
                        },
                        "meta": {},
                        "tainted": false
                    },
                    "deposed": [],
                    "provider": "provider.aws"
                }
            },
            "depends_on": []
        }
    ]
}
